
Microsoft Visual Studio Solution File, Format Version 12.00
Project("{FAE04EC0-301F-11D3-BF4B-00C04F79EFBC}") = "evalflow_backend_api", "evalflow_backend_api.csproj", "{92514650-8FD6-4C0A-BAAD-1EC142B367EC}"
EndProject
Project("{FAE04EC0-301F-11D3-BF4B-00C04F79EFBC}") = "evalflow_backend_api.Tests", "evalflow_backend_api.Tests\evalflow_backend_api.Tests.csproj", "{D62A219C-4650-45AE-8147-2D0C9D516579}"
EndProject
Global
	GlobalSection(SolutionConfigurationPlatforms) = preSolution
		Debug|Any CPU = Debug|Any CPU
		Debug|x64 = Debug|x64
		Debug|x86 = Debug|x86
		Release|Any CPU = Release|Any CPU
		Release|x64 = Release|x64
		Release|x86 = Release|x86
	EndGlobalSection
	GlobalSection(ProjectConfigurationPlatforms) = postSolution
		{92514650-8FD6-4C0A-BAAD-1EC142B367EC}.Debug|Any CPU.ActiveCfg = Debug|Any CPU
		{92514650-8FD6-4C0A-BAAD-1EC142B367EC}.Debug|Any CPU.Build.0 = Debug|Any CPU
		{92514650-8FD6-4C0A-BAAD-1EC142B367EC}.Debug|x64.ActiveCfg = Debug|Any CPU
		{92514650-8FD6-4C0A-BAAD-1EC142B367EC}.Debug|x64.Build.0 = Debug|Any CPU
		{92514650-8FD6-4C0A-BAAD-1EC142B367EC}.Debug|x86.ActiveCfg = Debug|Any CPU
		{92514650-8FD6-4C0A-BAAD-1EC142B367EC}.Debug|x86.Build.0 = Debug|Any CPU
		{92514650-8FD6-4C0A-BAAD-1EC142B367EC}.Release|Any CPU.ActiveCfg = Release|Any CPU
		{92514650-8FD6-4C0A-BAAD-1EC142B367EC}.Release|Any CPU.Build.0 = Release|Any CPU
		{92514650-8FD6-4C0A-BAAD-1EC142B367EC}.Release|x64.ActiveCfg = Release|Any CPU
		{92514650-8FD6-4C0A-BAAD-1EC142B367EC}.Release|x64.Build.0 = Release|Any CPU
		{92514650-8FD6-4C0A-BAAD-1EC142B367EC}.Release|x86.ActiveCfg = Release|Any CPU
		{92514650-8FD6-4C0A-BAAD-1EC142B367EC}.Release|x86.Build.0 = Release|Any CPU
		{D62A219C-4650-45AE-8147-2D0C9D516579}.Debug|Any CPU.ActiveCfg = Debug|Any CPU
		{D62A219C-4650-45AE-8147-2D0C9D516579}.Debug|Any CPU.Build.0 = Debug|Any CPU
		{D62A219C-4650-45AE-8147-2D0C9D516579}.Debug|x64.ActiveCfg = Debug|Any CPU
		{D62A219C-4650-45AE-8147-2D0C9D516579}.Debug|x64.Build.0 = Debug|Any CPU
		{D62A219C-4650-45AE-8147-2D0C9D516579}.Debug|x86.ActiveCfg = Debug|Any CPU
		{D62A219C-4650-45AE-8147-2D0C9D516579}.Debug|x86.Build.0 = Debug|Any CPU
		{D62A219C-4650-45AE-8147-2D0C9D516579}.Release|Any CPU.ActiveCfg = Release|Any CPU
		{D62A219C-4650-45AE-8147-2D0C9D516579}.Release|Any CPU.Build.0 = Release|Any CPU
		{D62A219C-4650-45AE-8147-2D0C9D516579}.Release|x64.ActiveCfg = Release|Any CPU
		{D62A219C-4650-45AE-8147-2D0C9D516579}.Release|x64.Build.0 = Release|Any CPU
		{D62A219C-4650-45AE-8147-2D0C9D516579}.Release|x86.ActiveCfg = Release|Any CPU
		{D62A219C-4650-45AE-8147-2D0C9D516579}.Release|x86.Build.0 = Release|Any CPU
	EndGlobalSection
	GlobalSection(SolutionProperties) = preSolution
		HideSolutionNode = FALSE
	EndGlobalSection
EndGlobal
